# THIS IS AN AUTOGENERATED FILE. DO NOT EDIT THIS FILE DIRECTLY.
# yarn lockfile v1
ansi-regex@^2.0.0:
  version "2.0.0"
  resolved "http://registry.npm.taobao.org/ansi-regex/download/ansi-regex-2.0.0.tgz#c5061b6e0ef8a81775e50f5d66151bf6bf371107"

ansi-styles@^2.2.1:
  version "2.2.1"
  resolved "http://registry.npm.taobao.org/ansi-styles/download/ansi-styles-2.2.1.tgz#b432dd3358b634cf75e1e4664368240533c1ddbe"

any-promise@^0.1.0:
  version "0.1.0"
  resolved "http://registry.npm.taobao.org/any-promise/download/any-promise-0.1.0.tgz#830b680aa7e56f33451d4b049f3bd8044498ee27"

array-union@^1.0.1:
  version "1.0.2"
  resolved "http://registry.npm.taobao.org/array-union/download/array-union-1.0.2.tgz#9a34410e4f4e3da23dea375be5be70f24778ec39"
  dependencies:
    array-uniq "^1.0.1"

array-uniq@^1.0.1:
  version "1.0.3"
  resolved "http://registry.npm.taobao.org/array-uniq/download/array-uniq-1.0.3.tgz#af6ac877a25cc7f74e058894753858dfdb24fdb6"

axios@^0.15.3:
  version "0.15.3"
  resolved "http://registry.npm.taobao.org/axios/download/axios-0.15.3.tgz#2c9d638b2e191a08ea1d6cc988eadd6ba5bdc053"
  dependencies:
    follow-redirects "1.0.0"

babel-runtime@^6.18.0:
  version "6.18.0"
  resolved "http://registry.npm.taobao.org/babel-runtime/download/babel-runtime-6.18.0.tgz#0f4177ffd98492ef13b9f823e9994a02584c9078"
  dependencies:
    core-js "^2.4.0"
    regenerator-runtime "^0.9.5"

balanced-match@^0.2.0:
  version "0.2.1"
  resolved "http://registry.npm.taobao.org/balanced-match/download/balanced-match-0.2.1.tgz#7bc658b4bed61eee424ad74f75f5c3e2c4df3cc7"

balanced-match@^0.4.1, balanced-match@^0.4.2:
  version "0.4.2"
  resolved "http://registry.npm.taobao.org/balanced-match/download/balanced-match-0.4.2.tgz#cb3f3e3c732dc0f01ee70b403f302e61d7709838"

balanced-match@~0.1.0:
  version "0.1.0"
  resolved "http://registry.npm.taobao.org/balanced-match/download/balanced-match-0.1.0.tgz#b504bd05869b39259dd0c5efc35d843176dccc4a"

brace-expansion@^1.0.0:
  version "1.1.6"
  resolved "http://registry.npm.taobao.org/brace-expansion/download/brace-expansion-1.1.6.tgz#7197d7eaa9b87e648390ea61fc66c84427420df9"
  dependencies:
    balanced-match "^0.4.1"
    concat-map "0.0.1"

camelcase-css@^1.0.1:
  version "1.0.1"
  resolved "http://registry.npm.taobao.org/camelcase-css/download/camelcase-css-1.0.1.tgz#157c4238265f5cf94a1dffde86446552cbf3f705"

chalk@^1.1.3:
  version "1.1.3"
  resolved "http://registry.npm.taobao.org/chalk/download/chalk-1.1.3.tgz#a8115c55e4a702fe4d150abd3872822a7e09fc98"
  dependencies:
    ansi-styles "^2.2.1"
    escape-string-regexp "^1.0.2"
    has-ansi "^2.0.0"
    strip-ansi "^3.0.0"
    supports-color "^2.0.0"

concat-map@0.0.1:
  version "0.0.1"
  resolved "http://registry.npm.taobao.org/concat-map/download/concat-map-0.0.1.tgz#d8a96bd77fd68df7793a73036a3ba0d5405d477b"

core-js@^2.4.0:
  version "2.4.1"
  resolved "http://registry.npm.taobao.org/core-js/download/core-js-2.4.1.tgz#4de911e667b0eae9124e34254b53aea6fc618d3e"

cssbag@^0.1.0:
  version "0.1.0"
  resolved "http://registry.npm.taobao.org/cssbag/download/cssbag-0.1.0.tgz#30aacd87b1af7ab549876de9578fb786c376761a"
  dependencies:
    kebab-case "^1.0.0"
    postcss-advanced-variables "^1.2.2"
    postcss-calc "^5.3.1"
    postcss-custom-media "^5.0.1"
    postcss-custom-properties "^5.0.1"
    postcss-custom-selectors "^3.0.0"
    postcss-media-minmax "^2.1.2"
    postcss-mixins "^5.4.0"
    postcss-nested "^1.0.0"
    postcss-property-lookup "^1.2.1"
    postcss-selector-matches "^2.0.5"
    postcss-selector-not "^2.0.0"
    postcss-smart-import "^0.5.1"

debug@^2.2.0:
  version "2.3.3"
  resolved "http://registry.npm.taobao.org/debug/download/debug-2.3.3.tgz#40c453e67e6e13c901ddec317af8986cda9eff8c"
  dependencies:
    ms "0.7.2"

escape-string-regexp@^1.0.2:
  version "1.0.5"
  resolved "http://registry.npm.taobao.org/escape-string-regexp/download/escape-string-regexp-1.0.5.tgz#1b61c0562190a8dff6ae3bb2cf0200ca130b86d4"

follow-redirects@1.0.0:
  version "1.0.0"
  resolved "http://registry.npm.taobao.org/follow-redirects/download/follow-redirects-1.0.0.tgz#8e34298cbd2e176f254effec75a1c78cc849fd37"
  dependencies:
    debug "^2.2.0"

fs.realpath@^1.0.0:
  version "1.0.0"
  resolved "http://registry.npm.taobao.org/fs.realpath/download/fs.realpath-1.0.0.tgz#1504ad2523158caa40db4a2787cb01411994ea4f"

github-markdown-css@^2.4.1:
  version "2.4.1"
  resolved "http://registry.npm.taobao.org/github-markdown-css/download/github-markdown-css-2.4.1.tgz#b4736d84eea8367a03b3248cf546dda3e8dc55e3"

glob@^7.0.3:
  version "7.1.1"
  resolved "http://registry.npm.taobao.org/glob/download/glob-7.1.1.tgz#805211df04faaf1c63a3600306cdf5ade50b2ec8"
  dependencies:
    fs.realpath "^1.0.0"
    inflight "^1.0.4"
    inherits "2"
    minimatch "^3.0.2"
    once "^1.3.0"
    path-is-absolute "^1.0.0"

globby@^6.0.0:
  version "6.1.0"
  resolved "http://registry.npm.taobao.org/globby/download/globby-6.1.0.tgz#f5a6d70e8395e21c858fb0489d64df02424d506c"
  dependencies:
    array-union "^1.0.1"
    glob "^7.0.3"
    object-assign "^4.0.1"
    pify "^2.0.0"
    pinkie-promise "^2.0.0"

has-ansi@^2.0.0:
  version "2.0.0"
  resolved "http://registry.npm.taobao.org/has-ansi/download/has-ansi-2.0.0.tgz#34f5049ce1ecdf2b0649af3ef24e45ed35416d91"
  dependencies:
    ansi-regex "^2.0.0"

has-flag@^1.0.0:
  version "1.0.0"
  resolved "http://registry.npm.taobao.org/has-flag/download/has-flag-1.0.0.tgz#9d9e793165ce017a00f00418c43f942a7b1d11fa"

highlight.js@^9.8.0:
  version "9.8.0"
  resolved "http://registry.npm.taobao.org/highlight.js/download/highlight.js-9.8.0.tgz#38eeef40cd45eaddbec8c9e5238fb7a783a3b685"

inflight@^1.0.4:
  version "1.0.6"
  resolved "http://registry.npm.taobao.org/inflight/download/inflight-1.0.6.tgz#49bd6331d7d02d0c09bc910a1075ba8165b56df9"
  dependencies:
    once "^1.3.0"
    wrappy "1"

inherits@2:
  version "2.0.3"
  resolved "http://registry.npm.taobao.org/inherits/download/inherits-2.0.3.tgz#633c2c83e3da42a502f52466022480f4208261de"

js-base64@^2.1.9:
  version "2.1.9"
  resolved "http://registry.npm.taobao.org/js-base64/download/js-base64-2.1.9.tgz#f0e80ae039a4bd654b5f281fc93f04a914a7fcce"

jump.js@^1.0.1:
  version "1.0.1"
  resolved "http://registry.npm.taobao.org/jump.js/download/jump.js-1.0.1.tgz#0de2b1631ba9a1c2c6b8572ad277d877e8503600"

kebab-case@^1.0.0:
  version "1.0.0"
  resolved "http://registry.npm.taobao.org/kebab-case/download/kebab-case-1.0.0.tgz#3f9e4990adcad0c686c0e701f7645868f75f91eb"

lodash.indexof@^4.0.5:
  version "4.0.5"
  resolved "http://registry.npm.taobao.org/lodash.indexof/download/lodash.indexof-4.0.5.tgz#53714adc2cddd6ed87638f893aa9b6c24e31ef3c"

marked@^0.3.6:
  version "0.3.6"
  resolved "http://registry.npm.taobao.org/marked/download/marked-0.3.6.tgz#b2c6c618fccece4ef86c4fc6cb8a7cbf5aeda8d7"

math-expression-evaluator@^1.2.14:
  version "1.2.14"
  resolved "http://registry.npm.taobao.org/math-expression-evaluator/download/math-expression-evaluator-1.2.14.tgz#39511771ed9602405fba9affff17eb4d2a3843ab"
  dependencies:
    lodash.indexof "^4.0.5"

minimatch@^3.0.2:
  version "3.0.3"
  resolved "http://registry.npm.taobao.org/minimatch/download/minimatch-3.0.3.tgz#2a4e4090b96b2db06a9d7df01055a62a77c9b774"
  dependencies:
    brace-expansion "^1.0.0"

ms@0.7.2:
  version "0.7.2"
  resolved "http://registry.npm.taobao.org/ms/download/ms-0.7.2.tgz#ae25cf2512b3885a1d95d7f037868d8431124765"

object-assign@^4.0.1, object-assign@^4.1.0:
  version "4.1.0"
  resolved "http://registry.npm.taobao.org/object-assign/download/object-assign-4.1.0.tgz#7a3b3d0e98063d43f4c03f2e8ae6cd51a86883a0"

once@^1.3.0:
  version "1.4.0"
  resolved "http://registry.npm.taobao.org/once/download/once-1.4.0.tgz#583b1aa775961d4b113ac17d9c50baef9dd76bd1"
  dependencies:
    wrappy "1"

path-is-absolute@^1.0.0:
  version "1.0.1"
  resolved "http://registry.npm.taobao.org/path-is-absolute/download/path-is-absolute-1.0.1.tgz#174b9268735534ffbc7ace6bf53a5a9e1b5c5f5f"

pify@^2.0.0, pify@^2.3.0:
  version "2.3.0"
  resolved "http://registry.npm.taobao.org/pify/download/pify-2.3.0.tgz#ed141a6ac043a849ea588498e7dca8b15330e90c"

pinkie-promise@^2.0.0:
  version "2.0.1"
  resolved "http://registry.npm.taobao.org/pinkie-promise/download/pinkie-promise-2.0.1.tgz#2135d6dfa7a358c069ac9b178776288228450ffa"
  dependencies:
    pinkie "^2.0.0"

pinkie@^2.0.0:
  version "2.0.4"
  resolved "http://registry.npm.taobao.org/pinkie/download/pinkie-2.0.4.tgz#72556b80cfa0d48a974e80e77248e80ed4f7f870"

postcss-advanced-variables@^1.2.2:
  version "1.2.2"
  resolved "http://registry.npm.taobao.org/postcss-advanced-variables/download/postcss-advanced-variables-1.2.2.tgz#90a6213262e66a050a368b4a9c5d4778d72dbd74"
  dependencies:
    postcss "^5.0.10"

postcss-calc@^5.3.1:
  version "5.3.1"
  resolved "http://registry.npm.taobao.org/postcss-calc/download/postcss-calc-5.3.1.tgz#77bae7ca928ad85716e2fda42f261bf7c1d65b5e"
  dependencies:
    postcss "^5.0.2"
    postcss-message-helpers "^2.0.0"
    reduce-css-calc "^1.2.6"

postcss-custom-media@^5.0.1:
  version "5.0.1"
  resolved "http://registry.npm.taobao.org/postcss-custom-media/download/postcss-custom-media-5.0.1.tgz#138d25a184bf2eb54de12d55a6c01c30a9d8bd81"
  dependencies:
    postcss "^5.0.0"

postcss-custom-properties@^5.0.1:
  version "5.0.1"
  resolved "http://registry.npm.taobao.org/postcss-custom-properties/download/postcss-custom-properties-5.0.1.tgz#e07d4f6c78e547cf04274f120f490d236e33ea19"
  dependencies:
    balanced-match "~0.1.0"
    postcss "^5.0.0"

postcss-custom-selectors@^3.0.0:
  version "3.0.0"
  resolved "http://registry.npm.taobao.org/postcss-custom-selectors/download/postcss-custom-selectors-3.0.0.tgz#8f81249f5ed07a8d0917cf6a39fe5b056b7f96ac"
  dependencies:
    balanced-match "^0.2.0"
    postcss "^5.0.0"
    postcss-selector-matches "^2.0.0"

postcss-js@^0.1.3:
  version "0.1.3"
  resolved "http://registry.npm.taobao.org/postcss-js/download/postcss-js-0.1.3.tgz#8c0a5daa1c918b3073c4806a3c5b332c67250c03"
  dependencies:
    camelcase-css "^1.0.1"
    postcss "^5.0.21"

postcss-media-minmax@^2.1.2:
  version "2.1.2"
  resolved "http://registry.npm.taobao.org/postcss-media-minmax/download/postcss-media-minmax-2.1.2.tgz#444c5cf8926ab5e4fd8a2509e9297e751649cdf8"
  dependencies:
    postcss "^5.0.4"

postcss-message-helpers@^2.0.0:
  version "2.0.0"
  resolved "http://registry.npm.taobao.org/postcss-message-helpers/download/postcss-message-helpers-2.0.0.tgz#a4f2f4fab6e4fe002f0aed000478cdf52f9ba60e"

postcss-mixins@^5.4.0:
  version "5.4.0"
  resolved "http://registry.npm.taobao.org/postcss-mixins/download/postcss-mixins-5.4.0.tgz#68b4705d1f2c505921f4a2f55bcf72a03b56fc01"
  dependencies:
    globby "^6.0.0"
    postcss "^5.2.4"
    postcss-js "^0.1.3"
    postcss-simple-vars "^3.0.0"
    sugarss "^0.2.0"

postcss-nested@^1.0.0:
  version "1.0.0"
  resolved "http://registry.npm.taobao.org/postcss-nested/download/postcss-nested-1.0.0.tgz#d136bd4b576bd5632df142c12b2198a9ccf794df"
  dependencies:
    postcss "^5.0.2"

postcss-property-lookup@^1.2.1:
  version "1.2.1"
  resolved "http://registry.npm.taobao.org/postcss-property-lookup/download/postcss-property-lookup-1.2.1.tgz#30450a1361b7aae758bbedd5201fbe057bb8270b"
  dependencies:
    object-assign "^4.0.1"
    postcss "^5.0.4"
    tcomb "^2.5.1"

postcss-scss@^0.4.0:
  version "0.4.0"
  resolved "http://registry.npm.taobao.org/postcss-scss/download/postcss-scss-0.4.0.tgz#087c052c529b9270d9580bd1248a0f93d3b40d57"
  dependencies:
    postcss "^5.2.5"

postcss-selector-matches@^2.0.0, postcss-selector-matches@^2.0.5:
  version "2.0.5"
  resolved "http://registry.npm.taobao.org/postcss-selector-matches/download/postcss-selector-matches-2.0.5.tgz#fa0f43be57b68e77aa4cd11807023492a131027f"
  dependencies:
    balanced-match "^0.4.2"
    postcss "^5.0.0"

postcss-selector-not@^2.0.0:
  version "2.0.0"
  resolved "http://registry.npm.taobao.org/postcss-selector-not/download/postcss-selector-not-2.0.0.tgz#c73ad21a3f75234bee7fee269e154fd6a869798d"
  dependencies:
    balanced-match "^0.2.0"
    postcss "^5.0.0"

postcss-simple-vars@^3.0.0:
  version "3.0.0"
  resolved "http://registry.npm.taobao.org/postcss-simple-vars/download/postcss-simple-vars-3.0.0.tgz#1fa4ccb4b7151d9f0d52fb8ea19a15c1319599d6"
  dependencies:
    postcss "^5.0.21"

postcss-smart-import@^0.5.1:
  version "0.5.1"
  resolved "http://registry.npm.taobao.org/postcss-smart-import/download/postcss-smart-import-0.5.1.tgz#f8b6b056330f567deeb9c393b39bfec269890011"
  dependencies:
    babel-runtime "^6.18.0"
    object-assign "^4.1.0"
    postcss "^5.2.5"
    postcss-scss "^0.4.0"
    postcss-value-parser "^3.3.0"
    promise-each "^2.2.0"
    read-cache "^1.0.0"
    resolve "^1.1.7"
    sugarss "^0.2.0"

postcss-value-parser@^3.3.0:
  version "3.3.0"
  resolved "http://registry.npm.taobao.org/postcss-value-parser/download/postcss-value-parser-3.3.0.tgz#87f38f9f18f774a4ab4c8a232f5c5ce8872a9d15"

postcss@^5.0.0, postcss@^5.0.10, postcss@^5.0.2, postcss@^5.0.21, postcss@^5.0.4, postcss@^5.2.4, postcss@^5.2.5:
  version "5.2.6"
  resolved "http://registry.npm.taobao.org/postcss/download/postcss-5.2.6.tgz#a252cd67cd52585035f17e9ad12b35137a7bdd9e"
  dependencies:
    chalk "^1.1.3"
    js-base64 "^2.1.9"
    source-map "^0.5.6"
    supports-color "^3.1.2"

promise-each@^2.2.0:
  version "2.2.0"
  resolved "http://registry.npm.taobao.org/promise-each/download/promise-each-2.2.0.tgz#3353174eff2694481037e04e01f77aa0fb6d1b60"
  dependencies:
    any-promise "^0.1.0"

read-cache@^1.0.0:
  version "1.0.0"
  resolved "http://registry.npm.taobao.org/read-cache/download/read-cache-1.0.0.tgz#e664ef31161166c9751cdbe8dbcf86b5fb58f774"
  dependencies:
    pify "^2.3.0"

reduce-css-calc@^1.2.6:
  version "1.3.0"
  resolved "http://registry.npm.taobao.org/reduce-css-calc/download/reduce-css-calc-1.3.0.tgz#747c914e049614a4c9cfbba629871ad1d2927716"
  dependencies:
    balanced-match "^0.4.2"
    math-expression-evaluator "^1.2.14"
    reduce-function-call "^1.0.1"

reduce-function-call@^1.0.1:
  version "1.0.2"
  resolved "http://registry.npm.taobao.org/reduce-function-call/download/reduce-function-call-1.0.2.tgz#5a200bf92e0e37751752fe45b0ab330fd4b6be99"
  dependencies:
    balanced-match "^0.4.2"

regenerator-runtime@^0.9.5:
  version "0.9.6"
  resolved "http://registry.npm.taobao.org/regenerator-runtime/download/regenerator-runtime-0.9.6.tgz#d33eb95d0d2001a4be39659707c51b0cb71ce029"

resolve@^1.1.7:
  version "1.1.7"
  resolved "http://registry.npm.taobao.org/resolve/download/resolve-1.1.7.tgz#203114d82ad2c5ed9e8e0411b3932875e889e97b"

source-map@^0.5.6:
  version "0.5.6"
  resolved "http://registry.npm.taobao.org/source-map/download/source-map-0.5.6.tgz#75ce38f52bf0733c5a7f0c118d81334a2bb5f412"

strip-ansi@^3.0.0:
  version "3.0.1"
  resolved "http://registry.npm.taobao.org/strip-ansi/download/strip-ansi-3.0.1.tgz#6a385fb8853d952d5ff05d0e8aaf94278dc63dcf"
  dependencies:
    ansi-regex "^2.0.0"

sugarss@^0.2.0:
  version "0.2.0"
  resolved "http://registry.npm.taobao.org/sugarss/download/sugarss-0.2.0.tgz#ac34237563327c6ff897b64742bf6aec190ad39e"
  dependencies:
    postcss "^5.2.4"

supports-color@^2.0.0:
  version "2.0.0"
  resolved "http://registry.npm.taobao.org/supports-color/download/supports-color-2.0.0.tgz#535d045ce6b6363fa40117084629995e9df324c7"

supports-color@^3.1.2:
  version "3.1.2"
  resolved "http://registry.npm.taobao.org/supports-color/download/supports-color-3.1.2.tgz#72a262894d9d408b956ca05ff37b2ed8a6e2a2d5"
  dependencies:
    has-flag "^1.0.0"

tcomb@^2.5.1:
  version "2.7.0"
  resolved "http://registry.npm.taobao.org/tcomb/download/tcomb-2.7.0.tgz#10d62958041669a5d53567b9a4ee8cde22b1c2b0"

uid@^0.0.2:
  version "0.0.2"
  resolved "http://registry.npm.taobao.org/uid/download/uid-0.0.2.tgz#5e4a5d4b78138b4f70f89fd3c76fc59aa9d2f103"

vue:
  version "2.1.4"
  resolved "http://registry.npm.taobao.org/vue/download/vue-2.1.4.tgz#d490f8fcf696847d8cf7f8eb9168e9a5dd806bfc"

vue-router:
  version "2.1.1"
  resolved "http://registry.npm.taobao.org/vue-router/download/vue-router-2.1.1.tgz#10c31bbdcb6da92bd3e0223fa12345e73018625a"

vuex:
  version "2.0.0"
  resolved "http://registry.npm.taobao.org/vuex/download/vuex-2.0.0.tgz#26befa44de220f009e432d1027487bff29571cee"

vuex-router-sync@next:
  version "3.0.0"
  resolved "http://registry.npm.taobao.org/vuex-router-sync/download/vuex-router-sync-3.0.0.tgz#3b632baa86cc55192ab408b8d52e6490380df3d7"

wrappy@1:
  version "1.0.2"
  resolved "http://registry.npm.taobao.org/wrappy/download/wrappy-1.0.2.tgz#b5243d8f3ec1aa35f1364605bc0d1036e30ab69f"

yaml@^0.3.0:
  version "0.3.0"
  resolved "http://registry.npm.taobao.org/yaml/download/yaml-0.3.0.tgz#c31a616d07acdbc2012d73a6ba5b1b0bdd185a7f"

